<?xml version="1.0" encoding="utf-8"?>
<Project ToolsVersion="4.0" xmlns="http://schemas.microsoft.com/developer/msbuild/2003">
  <ItemGroup>
    <Filter Include="pthread">
      <UniqueIdentifier>{824b7e57-63eb-4879-8893-1558a1500834}</UniqueIdentifier>
    </Filter>
    <Filter Include="main">
      <UniqueIdentifier>{a0f72986-ba07-4f83-beec-0305a7b0151d}</UniqueIdentifier>
    </Filter>
    <Filter Include="iop">
      <UniqueIdentifier>{949b5e19-f84e-48b8-b4b3-ffd5b3f77de5}</UniqueIdentifier>
    </Filter>
    <Filter Include="iop\include">
      <UniqueIdentifier>{6b816b48-4ffd-44d9-90ed-ca6be553ce4f}</UniqueIdentifier>
    </Filter>
    <Filter Include="pthread\include">
      <UniqueIdentifier>{908a5265-d6e0-42d6-b762-c76f273952a6}</UniqueIdentifier>
    </Filter>
    <Filter Include="pthread\lib">
      <UniqueIdentifier>{c5ba14ce-eb2f-4965-a60c-fc9b81d8bcd2}</UniqueIdentifier>
    </Filter>
    <Filter Include="iop\partial">
      <UniqueIdentifier>{1d86cf64-67ae-44ef-9f96-fd16c40d93cd}</UniqueIdentifier>
    </Filter>
    <Filter Include="util">
      <UniqueIdentifier>{fe72de19-ff0b-4725-bae5-313421340d2a}</UniqueIdentifier>
    </Filter>
    <Filter Include="util\include">
      <UniqueIdentifier>{168a803c-d85c-43f8-bb2c-a8631a95dccb}</UniqueIdentifier>
    </Filter>
  </ItemGroup>
  <ItemGroup>
    <ClInclude Include="iop\include\iop_def.h">
      <Filter>iop\include</Filter>
    </ClInclude>
    <ClInclude Include="iop\include\iop_poll.h">
      <Filter>iop\include</Filter>
    </ClInclude>
    <ClInclude Include="iop\include\iop_server.h">
      <Filter>iop\include</Filter>
    </ClInclude>
    <ClInclude Include="iop\include\iop.h">
      <Filter>iop\include</Filter>
    </ClInclude>
    <ClInclude Include="pthread\include\pthread.h">
      <Filter>pthread\include</Filter>
    </ClInclude>
    <ClInclude Include="pthread\include\sched.h">
      <Filter>pthread\include</Filter>
    </ClInclude>
    <ClInclude Include="pthread\include\semaphore.h">
      <Filter>pthread\include</Filter>
    </ClInclude>
    <ClInclude Include="iop\iop_poll$epoll.h">
      <Filter>iop\partial</Filter>
    </ClInclude>
    <ClInclude Include="iop\iop_poll$select.h">
      <Filter>iop\partial</Filter>
    </ClInclude>
    <ClInclude Include="util\include\struct.h">
      <Filter>util\include</Filter>
    </ClInclude>
    <ClInclude Include="util\include\tstr.h">
      <Filter>util\include</Filter>
    </ClInclude>
    <ClInclude Include="util\include\socket.h">
      <Filter>util\include</Filter>
    </ClInclude>
  </ItemGroup>
  <ItemGroup>
    <ClCompile Include="main.c">
      <Filter>main</Filter>
    </ClCompile>
    <ClCompile Include="iop\iop_server.c">
      <Filter>iop</Filter>
    </ClCompile>
    <ClCompile Include="iop\iop.c">
      <Filter>iop</Filter>
    </ClCompile>
    <ClCompile Include="iop\iop_poll.c">
      <Filter>iop</Filter>
    </ClCompile>
    <ClCompile Include="util\strerr.c">
      <Filter>util</Filter>
    </ClCompile>
    <ClCompile Include="util\tstr.c">
      <Filter>util</Filter>
    </ClCompile>
    <ClCompile Include="util\socket.c">
      <Filter>util</Filter>
    </ClCompile>
  </ItemGroup>
  <ItemGroup>
    <Text Include="ReadMe.txt" />
  </ItemGroup>
  <ItemGroup>
    <Library Include="pthread\lib\pthread_lib.lib">
      <Filter>pthread\lib</Filter>
    </Library>
  </ItemGroup>
</Project>